
Microsoft Visual Studio Solution File, Format Version 12.00
# Visual Studio Version 16
VisualStudioVersion = 16.0.31005.135
MinimumVisualStudioVersion = 10.0.40219.1
Project("{FAE04EC0-301F-11D3-BF4B-00C04F79EFBC}") = "Chat Application + Menu", "Chat Application + Menu.csproj", "{DF333B61-2CBD-41CF-8D77-085BC6EEBC12}"
EndProject
Global
	GlobalSection(SolutionConfigurationPlatforms) = preSolution
		Debug|Any CPU = Debug|Any CPU
		Release|Any CPU = Release|Any CPU
	EndGlobalSection
	GlobalSection(ProjectConfigurationPlatforms) = postSolution
		{DF333B61-2CBD-41CF-8D77-085BC6EEBC12}.Debug|Any CPU.ActiveCfg = Debug|Any CPU
		{DF333B61-2CBD-41CF-8D77-085BC6EEBC12}.Debug|Any CPU.Build.0 = Debug|Any CPU
		{DF333B61-2CBD-41CF-8D77-085BC6EEBC12}.Release|Any CPU.ActiveCfg = Release|Any CPU
		{DF333B61-2CBD-41CF-8D77-085BC6EEBC12}.Release|Any CPU.Build.0 = Release|Any CPU
	EndGlobalSection
	GlobalSection(SolutionProperties) = preSolution
		HideSolutionNode = FALSE
	EndGlobalSection
	GlobalSection(ExtensibilityGlobals) = postSolution
		SolutionGuid = {69B377DD-D8F2-4E82-9061-47EF1CCB3D93}
	EndGlobalSection
EndGlobal
